
Microsoft Visual Studio Solution File, Format Version 12.00
# Visual Studio Version 17
VisualStudioVersion = 17.9.34714.143
MinimumVisualStudioVersion = 15.0.26124.0
Project("{2150E333-8FDC-42A3-9474-1A3956D46DE8}") = "src", "src", "{6E3DD5B0-80C1-40CE-963C-4274417D14CE}"
EndProject
Project("{9A19103F-16F7-4668-BE54-9A1E7A4F7556}") = "Infra", "src\Infra\Infra.csproj", "{8A76DBAC-5A20-4F42-8B76-9B42A47558D6}"
EndProject
Project("{9A19103F-16F7-4668-BE54-9A1E7A4F7556}") = "Infra.Common.Decorators", "src\Infra.Common.Decorators\Infra.Common.Decorators.csproj", "{5BF5CC8D-A2A2-4731-BDC3-20AB785EDB00}"
EndProject
Project("{2150E333-8FDC-42A3-9474-1A3956D46DE8}") = "samples", "samples", "{1C8030D6-32AA-494C-8AA9-5866BC7C7CA3}"
EndProject
Project("{9A19103F-16F7-4668-BE54-9A1E7A4F7556}") = "Sample01", "samples\Sample01\Sample01.csproj", "{A476C720-722D-4199-AC5E-BCEA7C485131}"
EndProject
Project("{9A19103F-16F7-4668-BE54-9A1E7A4F7556}") = "Infra.EFCore", "src\Infra.EFCore\Infra.EFCore.csproj", "{B9F70857-A00E-47E2-A31B-1A77FD6E2503}"
EndProject
Project("{9A19103F-16F7-4668-BE54-9A1E7A4F7556}") = "Infra.Events.Kafka", "src\Infra.Events.Kafka\Infra.Events.Kafka.csproj", "{B456F47E-C7F0-4705-AF95-3DBCB033ECA3}"
EndProject
Project("{9A19103F-16F7-4668-BE54-9A1E7A4F7556}") = "Infra.MongoDB", "src\Infra.MongoDB\Infra.MongoDB.csproj", "{F8F5C86F-B826-4F4A-B1AC-FD2B422CB740}"
EndProject
Project("{2150E333-8FDC-42A3-9474-1A3956D46DE8}") = "Solution Items", "Solution Items", "{B7AF2691-3AB0-4ED4-A367-DD42513BDC02}"
	ProjectSection(SolutionItems) = preProject
		.editorconfig = .editorconfig
	EndProjectSection
EndProject
Project("{FAE04EC0-301F-11D3-BF4B-00C04F79EFBC}") = "Infra.Events.Rabbitmq", "src\Infra.Events.Rabbitmq\Infra.Events.Rabbitmq.csproj", "{FC335C3B-9DD4-45CA-84A4-17119465991A}"
EndProject
Global
	GlobalSection(SolutionConfigurationPlatforms) = preSolution
		Debug|Any CPU = Debug|Any CPU
		Release|Any CPU = Release|Any CPU
	EndGlobalSection
	GlobalSection(ProjectConfigurationPlatforms) = postSolution
		{8A76DBAC-5A20-4F42-8B76-9B42A47558D6}.Debug|Any CPU.ActiveCfg = Debug|Any CPU
		{8A76DBAC-5A20-4F42-8B76-9B42A47558D6}.Debug|Any CPU.Build.0 = Debug|Any CPU
		{8A76DBAC-5A20-4F42-8B76-9B42A47558D6}.Release|Any CPU.ActiveCfg = Release|Any CPU
		{8A76DBAC-5A20-4F42-8B76-9B42A47558D6}.Release|Any CPU.Build.0 = Release|Any CPU
		{5BF5CC8D-A2A2-4731-BDC3-20AB785EDB00}.Debug|Any CPU.ActiveCfg = Debug|Any CPU
		{5BF5CC8D-A2A2-4731-BDC3-20AB785EDB00}.Debug|Any CPU.Build.0 = Debug|Any CPU
		{5BF5CC8D-A2A2-4731-BDC3-20AB785EDB00}.Release|Any CPU.ActiveCfg = Release|Any CPU
		{5BF5CC8D-A2A2-4731-BDC3-20AB785EDB00}.Release|Any CPU.Build.0 = Release|Any CPU
		{A476C720-722D-4199-AC5E-BCEA7C485131}.Debug|Any CPU.ActiveCfg = Debug|Any CPU
		{A476C720-722D-4199-AC5E-BCEA7C485131}.Debug|Any CPU.Build.0 = Debug|Any CPU
		{A476C720-722D-4199-AC5E-BCEA7C485131}.Release|Any CPU.ActiveCfg = Release|Any CPU
		{A476C720-722D-4199-AC5E-BCEA7C485131}.Release|Any CPU.Build.0 = Release|Any CPU
		{B9F70857-A00E-47E2-A31B-1A77FD6E2503}.Debug|Any CPU.ActiveCfg = Debug|Any CPU
		{B9F70857-A00E-47E2-A31B-1A77FD6E2503}.Debug|Any CPU.Build.0 = Debug|Any CPU
		{B9F70857-A00E-47E2-A31B-1A77FD6E2503}.Release|Any CPU.ActiveCfg = Release|Any CPU
		{B9F70857-A00E-47E2-A31B-1A77FD6E2503}.Release|Any CPU.Build.0 = Release|Any CPU
		{B456F47E-C7F0-4705-AF95-3DBCB033ECA3}.Debug|Any CPU.ActiveCfg = Debug|Any CPU
		{B456F47E-C7F0-4705-AF95-3DBCB033ECA3}.Debug|Any CPU.Build.0 = Debug|Any CPU
		{B456F47E-C7F0-4705-AF95-3DBCB033ECA3}.Release|Any CPU.ActiveCfg = Release|Any CPU
		{B456F47E-C7F0-4705-AF95-3DBCB033ECA3}.Release|Any CPU.Build.0 = Release|Any CPU
		{F8F5C86F-B826-4F4A-B1AC-FD2B422CB740}.Debug|Any CPU.ActiveCfg = Debug|Any CPU
		{F8F5C86F-B826-4F4A-B1AC-FD2B422CB740}.Debug|Any CPU.Build.0 = Debug|Any CPU
		{F8F5C86F-B826-4F4A-B1AC-FD2B422CB740}.Release|Any CPU.ActiveCfg = Release|Any CPU
		{F8F5C86F-B826-4F4A-B1AC-FD2B422CB740}.Release|Any CPU.Build.0 = Release|Any CPU
		{FC335C3B-9DD4-45CA-84A4-17119465991A}.Debug|Any CPU.ActiveCfg = Debug|Any CPU
		{FC335C3B-9DD4-45CA-84A4-17119465991A}.Debug|Any CPU.Build.0 = Debug|Any CPU
		{FC335C3B-9DD4-45CA-84A4-17119465991A}.Release|Any CPU.ActiveCfg = Release|Any CPU
		{FC335C3B-9DD4-45CA-84A4-17119465991A}.Release|Any CPU.Build.0 = Release|Any CPU
	EndGlobalSection
	GlobalSection(SolutionProperties) = preSolution
		HideSolutionNode = FALSE
	EndGlobalSection
	GlobalSection(NestedProjects) = preSolution
		{8A76DBAC-5A20-4F42-8B76-9B42A47558D6} = {6E3DD5B0-80C1-40CE-963C-4274417D14CE}
		{5BF5CC8D-A2A2-4731-BDC3-20AB785EDB00} = {6E3DD5B0-80C1-40CE-963C-4274417D14CE}
		{A476C720-722D-4199-AC5E-BCEA7C485131} = {1C8030D6-32AA-494C-8AA9-5866BC7C7CA3}
		{B9F70857-A00E-47E2-A31B-1A77FD6E2503} = {6E3DD5B0-80C1-40CE-963C-4274417D14CE}
		{B456F47E-C7F0-4705-AF95-3DBCB033ECA3} = {6E3DD5B0-80C1-40CE-963C-4274417D14CE}
		{F8F5C86F-B826-4F4A-B1AC-FD2B422CB740} = {6E3DD5B0-80C1-40CE-963C-4274417D14CE}
		{FC335C3B-9DD4-45CA-84A4-17119465991A} = {6E3DD5B0-80C1-40CE-963C-4274417D14CE}
	EndGlobalSection
	GlobalSection(ExtensibilityGlobals) = postSolution
		SolutionGuid = {E81D39DB-ADF0-420F-AF1C-70B9FCAC58B6}
	EndGlobalSection
EndGlobal
